
Microsoft Visual Studio Solution File, Format Version 12.00
# Visual Studio 14
VisualStudioVersion = 14.0.25420.1
MinimumVisualStudioVersion = 10.0.40219.1
Project("{FAE04EC0-301F-11D3-BF4B-00C04F79EFBC}") = "SimpleShapeRecognition", "SimpleShapeRecognition\SimpleShapeRecognition.csproj", "{4BC3FB82-87DB-46E4-80F6-7BD65326ED81}"
EndProject
Project("{FAE04EC0-301F-11D3-BF4B-00C04F79EFBC}") = "MyGIS", "MyGIS\MyGIS.csproj", "{D253F9CB-8E36-4A50-9A44-15EA598FEABC}"
EndProject
Global
	GlobalSection(SolutionConfigurationPlatforms) = preSolution
		Debug|Any CPU = Debug|Any CPU
		Release|Any CPU = Release|Any CPU
	EndGlobalSection
	GlobalSection(ProjectConfigurationPlatforms) = postSolution
		{4BC3FB82-87DB-46E4-80F6-7BD65326ED81}.Debug|Any CPU.ActiveCfg = Debug|Any CPU
		{4BC3FB82-87DB-46E4-80F6-7BD65326ED81}.Debug|Any CPU.Build.0 = Debug|Any CPU
		{4BC3FB82-87DB-46E4-80F6-7BD65326ED81}.Release|Any CPU.ActiveCfg = Release|Any CPU
		{4BC3FB82-87DB-46E4-80F6-7BD65326ED81}.Release|Any CPU.Build.0 = Release|Any CPU
		{D253F9CB-8E36-4A50-9A44-15EA598FEABC}.Debug|Any CPU.ActiveCfg = Debug|Any CPU
		{D253F9CB-8E36-4A50-9A44-15EA598FEABC}.Debug|Any CPU.Build.0 = Debug|Any CPU
		{D253F9CB-8E36-4A50-9A44-15EA598FEABC}.Release|Any CPU.ActiveCfg = Release|Any CPU
		{D253F9CB-8E36-4A50-9A44-15EA598FEABC}.Release|Any CPU.Build.0 = Release|Any CPU
	EndGlobalSection
	GlobalSection(SolutionProperties) = preSolution
		HideSolutionNode = FALSE
	EndGlobalSection
EndGlobal
