
Microsoft Visual Studio Solution File, Format Version 12.00
# Visual Studio 14
VisualStudioVersion = 14.0.25420.1
MinimumVisualStudioVersion = 10.0.40219.1
Project("{FAE04EC0-301F-11D3-BF4B-00C04F79EFBC}") = "MyGIS.Desktop", "MyGIS.Desktop\MyGIS.Desktop.csproj", "{D253F9CB-8E36-4A50-9A44-15EA598FEABC}"
EndProject
Project("{FAE04EC0-301F-11D3-BF4B-00C04F79EFBC}") = "DotSpatial.Plugins.FindFeature", "DotSpatial.Plugins.FindFeature\DotSpatial.Plugins.FindFeature.csproj", "{C828727C-318C-4A8B-9B26-4C76E6CA88F0}"
EndProject
Project("{FAE04EC0-301F-11D3-BF4B-00C04F79EFBC}") = "DotSpatial.Plugins.Help", "DotSpatial.Plugins.Help\DotSpatial.Plugins.Help.csproj", "{2609869B-5A49-4E93-8FC6-3B1D06C59C96}"
EndProject
Project("{FAE04EC0-301F-11D3-BF4B-00C04F79EFBC}") = "DotSpatial.Plugins.Measure", "DotSpatial.Plugins.Measure\DotSpatial.Plugins.Measure.csproj", "{A0FD21C0-D7EE-485E-803D-2C59B37D5A72}"
EndProject
Project("{FAE04EC0-301F-11D3-BF4B-00C04F79EFBC}") = "DotSpatial.Plugins.ScaleBar", "DotSpatial.Plugins.ScaleBar\DotSpatial.Plugins.ScaleBar.csproj", "{6F295436-734C-4588-9214-1FD281C89BB6}"
EndProject
Project("{FAE04EC0-301F-11D3-BF4B-00C04F79EFBC}") = "DotSpatial.Plugins.ShapeEditor", "DotSpatial.Plugins.ShapeEditor\DotSpatial.Plugins.ShapeEditor.csproj", "{715F4E59-7362-4EB6-BA2E-3FFC54CBAA41}"
EndProject
Project("{FAE04EC0-301F-11D3-BF4B-00C04F79EFBC}") = "DotSpatial.Plugins.StatusBarImprovements", "DotSpatial.Plugins.StatusBarImprovements\DotSpatial.Plugins.StatusBarImprovements.csproj", "{5D510F37-8E99-4874-A296-CA45A93DE856}"
EndProject
Project("{FAE04EC0-301F-11D3-BF4B-00C04F79EFBC}") = "DotSpatial.Plugins.TableEditor", "DotSpatial.Plugins.TableEditor\DotSpatial.Plugins.TableEditor.csproj", "{30B6615B-0275-494E-8686-2C72CD99DAB3}"
EndProject
Project("{FAE04EC0-301F-11D3-BF4B-00C04F79EFBC}") = "MyGIS.Plugins.SplashScreen", "MyGIS.Plugins.Splash\MyGIS.Plugins.SplashScreen.csproj", "{55A8461C-3E64-414E-9863-DDD5C876A060}"
EndProject
Project("{FAE04EC0-301F-11D3-BF4B-00C04F79EFBC}") = "DotSpatial.Plugins.ToolManager", "DotSpatial.Plugins.ToolManager\DotSpatial.Plugins.ToolManager.csproj", "{7888B17F-915E-4648-9C49-8B4B42808B7B}"
EndProject
Project("{FAE04EC0-301F-11D3-BF4B-00C04F79EFBC}") = "MyGIS.Tools", "MyGIS.Tools\MyGIS.Tools.csproj", "{878A9C2C-21AC-4E63-9819-715B66B63CF5}"
EndProject
Global
	GlobalSection(SolutionConfigurationPlatforms) = preSolution
		Debug|Any CPU = Debug|Any CPU
		Debug|x64 = Debug|x64
		None|Any CPU = None|Any CPU
		None|x64 = None|x64
		Release|Any CPU = Release|Any CPU
		Release|x64 = Release|x64
	EndGlobalSection
	GlobalSection(ProjectConfigurationPlatforms) = postSolution
		{D253F9CB-8E36-4A50-9A44-15EA598FEABC}.Debug|Any CPU.ActiveCfg = Debug|Any CPU
		{D253F9CB-8E36-4A50-9A44-15EA598FEABC}.Debug|Any CPU.Build.0 = Debug|Any CPU
		{D253F9CB-8E36-4A50-9A44-15EA598FEABC}.Debug|x64.ActiveCfg = Debug|x64
		{D253F9CB-8E36-4A50-9A44-15EA598FEABC}.Debug|x64.Build.0 = Debug|x64
		{D253F9CB-8E36-4A50-9A44-15EA598FEABC}.None|Any CPU.ActiveCfg = Release|Any CPU
		{D253F9CB-8E36-4A50-9A44-15EA598FEABC}.None|Any CPU.Build.0 = Release|Any CPU
		{D253F9CB-8E36-4A50-9A44-15EA598FEABC}.None|x64.ActiveCfg = Release|x64
		{D253F9CB-8E36-4A50-9A44-15EA598FEABC}.None|x64.Build.0 = Release|x64
		{D253F9CB-8E36-4A50-9A44-15EA598FEABC}.Release|Any CPU.ActiveCfg = Release|Any CPU
		{D253F9CB-8E36-4A50-9A44-15EA598FEABC}.Release|Any CPU.Build.0 = Release|Any CPU
		{D253F9CB-8E36-4A50-9A44-15EA598FEABC}.Release|x64.ActiveCfg = Release|x64
		{D253F9CB-8E36-4A50-9A44-15EA598FEABC}.Release|x64.Build.0 = Release|x64
		{C828727C-318C-4A8B-9B26-4C76E6CA88F0}.Debug|Any CPU.ActiveCfg = Debug|Any CPU
		{C828727C-318C-4A8B-9B26-4C76E6CA88F0}.Debug|Any CPU.Build.0 = Debug|Any CPU
		{C828727C-318C-4A8B-9B26-4C76E6CA88F0}.Debug|x64.ActiveCfg = Debug|Any CPU
		{C828727C-318C-4A8B-9B26-4C76E6CA88F0}.Debug|x64.Build.0 = Debug|Any CPU
		{C828727C-318C-4A8B-9B26-4C76E6CA88F0}.None|Any CPU.ActiveCfg = Release|Any CPU
		{C828727C-318C-4A8B-9B26-4C76E6CA88F0}.None|Any CPU.Build.0 = Release|Any CPU
		{C828727C-318C-4A8B-9B26-4C76E6CA88F0}.None|x64.ActiveCfg = Release|Any CPU
		{C828727C-318C-4A8B-9B26-4C76E6CA88F0}.None|x64.Build.0 = Release|Any CPU
		{C828727C-318C-4A8B-9B26-4C76E6CA88F0}.Release|Any CPU.ActiveCfg = Release|Any CPU
		{C828727C-318C-4A8B-9B26-4C76E6CA88F0}.Release|Any CPU.Build.0 = Release|Any CPU
		{C828727C-318C-4A8B-9B26-4C76E6CA88F0}.Release|x64.ActiveCfg = Release|Any CPU
		{C828727C-318C-4A8B-9B26-4C76E6CA88F0}.Release|x64.Build.0 = Release|Any CPU
		{2609869B-5A49-4E93-8FC6-3B1D06C59C96}.Debug|Any CPU.ActiveCfg = Debug|Any CPU
		{2609869B-5A49-4E93-8FC6-3B1D06C59C96}.Debug|Any CPU.Build.0 = Debug|Any CPU
		{2609869B-5A49-4E93-8FC6-3B1D06C59C96}.Debug|x64.ActiveCfg = Debug|Any CPU
		{2609869B-5A49-4E93-8FC6-3B1D06C59C96}.Debug|x64.Build.0 = Debug|Any CPU
		{2609869B-5A49-4E93-8FC6-3B1D06C59C96}.None|Any CPU.ActiveCfg = Release|Any CPU
		{2609869B-5A49-4E93-8FC6-3B1D06C59C96}.None|Any CPU.Build.0 = Release|Any CPU
		{2609869B-5A49-4E93-8FC6-3B1D06C59C96}.None|x64.ActiveCfg = Release|Any CPU
		{2609869B-5A49-4E93-8FC6-3B1D06C59C96}.None|x64.Build.0 = Release|Any CPU
		{2609869B-5A49-4E93-8FC6-3B1D06C59C96}.Release|Any CPU.ActiveCfg = Release|Any CPU
		{2609869B-5A49-4E93-8FC6-3B1D06C59C96}.Release|Any CPU.Build.0 = Release|Any CPU
		{2609869B-5A49-4E93-8FC6-3B1D06C59C96}.Release|x64.ActiveCfg = Release|Any CPU
		{2609869B-5A49-4E93-8FC6-3B1D06C59C96}.Release|x64.Build.0 = Release|Any CPU
		{A0FD21C0-D7EE-485E-803D-2C59B37D5A72}.Debug|Any CPU.ActiveCfg = Debug|Any CPU
		{A0FD21C0-D7EE-485E-803D-2C59B37D5A72}.Debug|Any CPU.Build.0 = Debug|Any CPU
		{A0FD21C0-D7EE-485E-803D-2C59B37D5A72}.Debug|x64.ActiveCfg = Debug|Any CPU
		{A0FD21C0-D7EE-485E-803D-2C59B37D5A72}.Debug|x64.Build.0 = Debug|Any CPU
		{A0FD21C0-D7EE-485E-803D-2C59B37D5A72}.None|Any CPU.ActiveCfg = Release|Any CPU
		{A0FD21C0-D7EE-485E-803D-2C59B37D5A72}.None|Any CPU.Build.0 = Release|Any CPU
		{A0FD21C0-D7EE-485E-803D-2C59B37D5A72}.None|x64.ActiveCfg = Release|Any CPU
		{A0FD21C0-D7EE-485E-803D-2C59B37D5A72}.None|x64.Build.0 = Release|Any CPU
		{A0FD21C0-D7EE-485E-803D-2C59B37D5A72}.Release|Any CPU.ActiveCfg = Release|Any CPU
		{A0FD21C0-D7EE-485E-803D-2C59B37D5A72}.Release|Any CPU.Build.0 = Release|Any CPU
		{A0FD21C0-D7EE-485E-803D-2C59B37D5A72}.Release|x64.ActiveCfg = Release|Any CPU
		{A0FD21C0-D7EE-485E-803D-2C59B37D5A72}.Release|x64.Build.0 = Release|Any CPU
		{6F295436-734C-4588-9214-1FD281C89BB6}.Debug|Any CPU.ActiveCfg = Debug|Any CPU
		{6F295436-734C-4588-9214-1FD281C89BB6}.Debug|Any CPU.Build.0 = Debug|Any CPU
		{6F295436-734C-4588-9214-1FD281C89BB6}.Debug|x64.ActiveCfg = Debug|Any CPU
		{6F295436-734C-4588-9214-1FD281C89BB6}.Debug|x64.Build.0 = Debug|Any CPU
		{6F295436-734C-4588-9214-1FD281C89BB6}.None|Any CPU.ActiveCfg = Release|Any CPU
		{6F295436-734C-4588-9214-1FD281C89BB6}.None|Any CPU.Build.0 = Release|Any CPU
		{6F295436-734C-4588-9214-1FD281C89BB6}.None|x64.ActiveCfg = Release|Any CPU
		{6F295436-734C-4588-9214-1FD281C89BB6}.None|x64.Build.0 = Release|Any CPU
		{6F295436-734C-4588-9214-1FD281C89BB6}.Release|Any CPU.ActiveCfg = Release|Any CPU
		{6F295436-734C-4588-9214-1FD281C89BB6}.Release|Any CPU.Build.0 = Release|Any CPU
		{6F295436-734C-4588-9214-1FD281C89BB6}.Release|x64.ActiveCfg = Release|Any CPU
		{6F295436-734C-4588-9214-1FD281C89BB6}.Release|x64.Build.0 = Release|Any CPU
		{715F4E59-7362-4EB6-BA2E-3FFC54CBAA41}.Debug|Any CPU.ActiveCfg = Debug|Any CPU
		{715F4E59-7362-4EB6-BA2E-3FFC54CBAA41}.Debug|Any CPU.Build.0 = Debug|Any CPU
		{715F4E59-7362-4EB6-BA2E-3FFC54CBAA41}.Debug|x64.ActiveCfg = Debug|Any CPU
		{715F4E59-7362-4EB6-BA2E-3FFC54CBAA41}.Debug|x64.Build.0 = Debug|Any CPU
		{715F4E59-7362-4EB6-BA2E-3FFC54CBAA41}.None|Any CPU.ActiveCfg = Release|Any CPU
		{715F4E59-7362-4EB6-BA2E-3FFC54CBAA41}.None|Any CPU.Build.0 = Release|Any CPU
		{715F4E59-7362-4EB6-BA2E-3FFC54CBAA41}.None|x64.ActiveCfg = Release|Any CPU
		{715F4E59-7362-4EB6-BA2E-3FFC54CBAA41}.None|x64.Build.0 = Release|Any CPU
		{715F4E59-7362-4EB6-BA2E-3FFC54CBAA41}.Release|Any CPU.ActiveCfg = Release|Any CPU
		{715F4E59-7362-4EB6-BA2E-3FFC54CBAA41}.Release|Any CPU.Build.0 = Release|Any CPU
		{715F4E59-7362-4EB6-BA2E-3FFC54CBAA41}.Release|x64.ActiveCfg = Release|Any CPU
		{715F4E59-7362-4EB6-BA2E-3FFC54CBAA41}.Release|x64.Build.0 = Release|Any CPU
		{5D510F37-8E99-4874-A296-CA45A93DE856}.Debug|Any CPU.ActiveCfg = Debug|Any CPU
		{5D510F37-8E99-4874-A296-CA45A93DE856}.Debug|Any CPU.Build.0 = Debug|Any CPU
		{5D510F37-8E99-4874-A296-CA45A93DE856}.Debug|x64.ActiveCfg = Debug|Any CPU
		{5D510F37-8E99-4874-A296-CA45A93DE856}.Debug|x64.Build.0 = Debug|Any CPU
		{5D510F37-8E99-4874-A296-CA45A93DE856}.None|Any CPU.ActiveCfg = Release|Any CPU
		{5D510F37-8E99-4874-A296-CA45A93DE856}.None|Any CPU.Build.0 = Release|Any CPU
		{5D510F37-8E99-4874-A296-CA45A93DE856}.None|x64.ActiveCfg = Release|Any CPU
		{5D510F37-8E99-4874-A296-CA45A93DE856}.None|x64.Build.0 = Release|Any CPU
		{5D510F37-8E99-4874-A296-CA45A93DE856}.Release|Any CPU.ActiveCfg = Release|Any CPU
		{5D510F37-8E99-4874-A296-CA45A93DE856}.Release|Any CPU.Build.0 = Release|Any CPU
		{5D510F37-8E99-4874-A296-CA45A93DE856}.Release|x64.ActiveCfg = Release|Any CPU
		{5D510F37-8E99-4874-A296-CA45A93DE856}.Release|x64.Build.0 = Release|Any CPU
		{30B6615B-0275-494E-8686-2C72CD99DAB3}.Debug|Any CPU.ActiveCfg = Debug|Any CPU
		{30B6615B-0275-494E-8686-2C72CD99DAB3}.Debug|Any CPU.Build.0 = Debug|Any CPU
		{30B6615B-0275-494E-8686-2C72CD99DAB3}.Debug|x64.ActiveCfg = Debug|Any CPU
		{30B6615B-0275-494E-8686-2C72CD99DAB3}.Debug|x64.Build.0 = Debug|Any CPU
		{30B6615B-0275-494E-8686-2C72CD99DAB3}.None|Any CPU.ActiveCfg = Release|Any CPU
		{30B6615B-0275-494E-8686-2C72CD99DAB3}.None|Any CPU.Build.0 = Release|Any CPU
		{30B6615B-0275-494E-8686-2C72CD99DAB3}.None|x64.ActiveCfg = Release|Any CPU
		{30B6615B-0275-494E-8686-2C72CD99DAB3}.None|x64.Build.0 = Release|Any CPU
		{30B6615B-0275-494E-8686-2C72CD99DAB3}.Release|Any CPU.ActiveCfg = Release|Any CPU
		{30B6615B-0275-494E-8686-2C72CD99DAB3}.Release|Any CPU.Build.0 = Release|Any CPU
		{30B6615B-0275-494E-8686-2C72CD99DAB3}.Release|x64.ActiveCfg = Release|Any CPU
		{30B6615B-0275-494E-8686-2C72CD99DAB3}.Release|x64.Build.0 = Release|Any CPU
		{55A8461C-3E64-414E-9863-DDD5C876A060}.Debug|Any CPU.ActiveCfg = Debug|Any CPU
		{55A8461C-3E64-414E-9863-DDD5C876A060}.Debug|Any CPU.Build.0 = Debug|Any CPU
		{55A8461C-3E64-414E-9863-DDD5C876A060}.Debug|x64.ActiveCfg = Debug|Any CPU
		{55A8461C-3E64-414E-9863-DDD5C876A060}.Debug|x64.Build.0 = Debug|Any CPU
		{55A8461C-3E64-414E-9863-DDD5C876A060}.None|Any CPU.ActiveCfg = None|Any CPU
		{55A8461C-3E64-414E-9863-DDD5C876A060}.None|Any CPU.Build.0 = None|Any CPU
		{55A8461C-3E64-414E-9863-DDD5C876A060}.None|x64.ActiveCfg = None|Any CPU
		{55A8461C-3E64-414E-9863-DDD5C876A060}.None|x64.Build.0 = None|Any CPU
		{55A8461C-3E64-414E-9863-DDD5C876A060}.Release|Any CPU.ActiveCfg = Release|Any CPU
		{55A8461C-3E64-414E-9863-DDD5C876A060}.Release|Any CPU.Build.0 = Release|Any CPU
		{55A8461C-3E64-414E-9863-DDD5C876A060}.Release|x64.ActiveCfg = Release|Any CPU
		{55A8461C-3E64-414E-9863-DDD5C876A060}.Release|x64.Build.0 = Release|Any CPU
		{7888B17F-915E-4648-9C49-8B4B42808B7B}.Debug|Any CPU.ActiveCfg = Debug|Any CPU
		{7888B17F-915E-4648-9C49-8B4B42808B7B}.Debug|Any CPU.Build.0 = Debug|Any CPU
		{7888B17F-915E-4648-9C49-8B4B42808B7B}.Debug|x64.ActiveCfg = Debug|Any CPU
		{7888B17F-915E-4648-9C49-8B4B42808B7B}.Debug|x64.Build.0 = Debug|Any CPU
		{7888B17F-915E-4648-9C49-8B4B42808B7B}.None|Any CPU.ActiveCfg = Release|Any CPU
		{7888B17F-915E-4648-9C49-8B4B42808B7B}.None|Any CPU.Build.0 = Release|Any CPU
		{7888B17F-915E-4648-9C49-8B4B42808B7B}.None|x64.ActiveCfg = Release|Any CPU
		{7888B17F-915E-4648-9C49-8B4B42808B7B}.None|x64.Build.0 = Release|Any CPU
		{7888B17F-915E-4648-9C49-8B4B42808B7B}.Release|Any CPU.ActiveCfg = Release|Any CPU
		{7888B17F-915E-4648-9C49-8B4B42808B7B}.Release|Any CPU.Build.0 = Release|Any CPU
		{7888B17F-915E-4648-9C49-8B4B42808B7B}.Release|x64.ActiveCfg = Release|Any CPU
		{7888B17F-915E-4648-9C49-8B4B42808B7B}.Release|x64.Build.0 = Release|Any CPU
		{878A9C2C-21AC-4E63-9819-715B66B63CF5}.Debug|Any CPU.ActiveCfg = Debug|Any CPU
		{878A9C2C-21AC-4E63-9819-715B66B63CF5}.Debug|Any CPU.Build.0 = Debug|Any CPU
		{878A9C2C-21AC-4E63-9819-715B66B63CF5}.Debug|x64.ActiveCfg = Debug|Any CPU
		{878A9C2C-21AC-4E63-9819-715B66B63CF5}.Debug|x64.Build.0 = Debug|Any CPU
		{878A9C2C-21AC-4E63-9819-715B66B63CF5}.None|Any CPU.ActiveCfg = Release|Any CPU
		{878A9C2C-21AC-4E63-9819-715B66B63CF5}.None|Any CPU.Build.0 = Release|Any CPU
		{878A9C2C-21AC-4E63-9819-715B66B63CF5}.None|x64.ActiveCfg = Release|Any CPU
		{878A9C2C-21AC-4E63-9819-715B66B63CF5}.None|x64.Build.0 = Release|Any CPU
		{878A9C2C-21AC-4E63-9819-715B66B63CF5}.Release|Any CPU.ActiveCfg = Release|Any CPU
		{878A9C2C-21AC-4E63-9819-715B66B63CF5}.Release|Any CPU.Build.0 = Release|Any CPU
		{878A9C2C-21AC-4E63-9819-715B66B63CF5}.Release|x64.ActiveCfg = Release|Any CPU
		{878A9C2C-21AC-4E63-9819-715B66B63CF5}.Release|x64.Build.0 = Release|Any CPU
	EndGlobalSection
	GlobalSection(SolutionProperties) = preSolution
		HideSolutionNode = FALSE
	EndGlobalSection
EndGlobal
